
Microsoft Visual Studio Solution File, Format Version 12.00
# Visual Studio Version 16
VisualStudioVersion = 16.0.29326.143
MinimumVisualStudioVersion = 10.0.40219.1
Project("{2150E333-8FDC-42A3-9474-1A3956D46DE8}") = "Domain", "Domain", "{A089AB03-0172-4680-A771-FCAE02368E76}"
EndProject
Project("{2150E333-8FDC-42A3-9474-1A3956D46DE8}") = "Data", "Data", "{98677A40-B5E5-4EFC-8CA4-C3FA955CEB68}"
EndProject
Project("{2150E333-8FDC-42A3-9474-1A3956D46DE8}") = "Logic", "Logic", "{FF06BBDE-9353-4328-A43D-439C15594FC1}"
EndProject
Project("{2150E333-8FDC-42A3-9474-1A3956D46DE8}") = "UI", "UI", "{9176A914-09E5-44B2-A15E-EFCDCA3F96AA}"
EndProject
Project("{FAE04EC0-301F-11D3-BF4B-00C04F79EFBC}") = "ppedv.ThirstyPerson.Domain", "ppedv.ThirstyPerson.Domain\ppedv.ThirstyPerson.Domain.csproj", "{39F55DC4-B997-4522-A68A-9AE46F708343}"
EndProject
Project("{FAE04EC0-301F-11D3-BF4B-00C04F79EFBC}") = "ppedv.ThirstyPerson.Data.EF", "ppedv.ThirstyPerson.Data.EF\ppedv.ThirstyPerson.Data.EF.csproj", "{45E09904-F417-46C4-9D99-30A08F9228C6}"
EndProject
Project("{FAE04EC0-301F-11D3-BF4B-00C04F79EFBC}") = "ppedv.ThirstyPerson.Data.EF.Tests", "ppedv.ThirstyPerson.Data.EF.Tests\ppedv.ThirstyPerson.Data.EF.Tests.csproj", "{43A476C1-0CE7-41A3-84D3-5353748089DE}"
EndProject
Project("{FAE04EC0-301F-11D3-BF4B-00C04F79EFBC}") = "ppedv.ThirstyPerson.Logic", "ppedv.ThirstyPerson.Logic\ppedv.ThirstyPerson.Logic.csproj", "{2C6C8E3A-5C28-4204-A06A-BDA86D7371CD}"
EndProject
Global
	GlobalSection(SolutionConfigurationPlatforms) = preSolution
		Debug|Any CPU = Debug|Any CPU
		Release|Any CPU = Release|Any CPU
	EndGlobalSection
	GlobalSection(ProjectConfigurationPlatforms) = postSolution
		{39F55DC4-B997-4522-A68A-9AE46F708343}.Debug|Any CPU.ActiveCfg = Debug|Any CPU
		{39F55DC4-B997-4522-A68A-9AE46F708343}.Debug|Any CPU.Build.0 = Debug|Any CPU
		{39F55DC4-B997-4522-A68A-9AE46F708343}.Release|Any CPU.ActiveCfg = Release|Any CPU
		{39F55DC4-B997-4522-A68A-9AE46F708343}.Release|Any CPU.Build.0 = Release|Any CPU
		{45E09904-F417-46C4-9D99-30A08F9228C6}.Debug|Any CPU.ActiveCfg = Debug|Any CPU
		{45E09904-F417-46C4-9D99-30A08F9228C6}.Debug|Any CPU.Build.0 = Debug|Any CPU
		{45E09904-F417-46C4-9D99-30A08F9228C6}.Release|Any CPU.ActiveCfg = Release|Any CPU
		{45E09904-F417-46C4-9D99-30A08F9228C6}.Release|Any CPU.Build.0 = Release|Any CPU
		{43A476C1-0CE7-41A3-84D3-5353748089DE}.Debug|Any CPU.ActiveCfg = Debug|Any CPU
		{43A476C1-0CE7-41A3-84D3-5353748089DE}.Debug|Any CPU.Build.0 = Debug|Any CPU
		{43A476C1-0CE7-41A3-84D3-5353748089DE}.Release|Any CPU.ActiveCfg = Release|Any CPU
		{43A476C1-0CE7-41A3-84D3-5353748089DE}.Release|Any CPU.Build.0 = Release|Any CPU
		{2C6C8E3A-5C28-4204-A06A-BDA86D7371CD}.Debug|Any CPU.ActiveCfg = Debug|Any CPU
		{2C6C8E3A-5C28-4204-A06A-BDA86D7371CD}.Debug|Any CPU.Build.0 = Debug|Any CPU
		{2C6C8E3A-5C28-4204-A06A-BDA86D7371CD}.Release|Any CPU.ActiveCfg = Release|Any CPU
		{2C6C8E3A-5C28-4204-A06A-BDA86D7371CD}.Release|Any CPU.Build.0 = Release|Any CPU
	EndGlobalSection
	GlobalSection(SolutionProperties) = preSolution
		HideSolutionNode = FALSE
	EndGlobalSection
	GlobalSection(NestedProjects) = preSolution
		{39F55DC4-B997-4522-A68A-9AE46F708343} = {A089AB03-0172-4680-A771-FCAE02368E76}
		{45E09904-F417-46C4-9D99-30A08F9228C6} = {98677A40-B5E5-4EFC-8CA4-C3FA955CEB68}
		{43A476C1-0CE7-41A3-84D3-5353748089DE} = {98677A40-B5E5-4EFC-8CA4-C3FA955CEB68}
		{2C6C8E3A-5C28-4204-A06A-BDA86D7371CD} = {FF06BBDE-9353-4328-A43D-439C15594FC1}
	EndGlobalSection
	GlobalSection(ExtensibilityGlobals) = postSolution
		SolutionGuid = {8DF1FDAC-E422-4F14-AFBD-AE4CD3F38FA6}
	EndGlobalSection
EndGlobal
